
Microsoft Visual Studio Solution File, Format Version 12.00
Project("{FAE04EC0-301F-11D3-BF4B-00C04F79EFBC}") = "ImageCompressor", "ImageCompressor\ImageCompressor.csproj", "{92C39C9B-3AAA-462B-B7B3-42C42BCD80BE}"
EndProject
Project("{2150E333-8FDC-42A3-9474-1A3956D46DE8}") = "Infrastructure", "Infrastructure", "{FD50CF9B-9E70-454F-9A5C-803C32BDE457}"
EndProject
Project("{FAE04EC0-301F-11D3-BF4B-00C04F79EFBC}") = "ImageCompressor.EntityFramework", "ImageCompressor.EntityFramework\ImageCompressor.EntityFramework.csproj", "{BAB5084E-A261-435F-8619-A5C6BE46C2DA}"
EndProject
Project("{FAE04EC0-301F-11D3-BF4B-00C04F79EFBC}") = "ImageCompressor.Authorization", "ImageCompressor.Authorization\ImageCompressor.Authorization.csproj", "{FB00F1CB-CD77-438A-9460-6DDED1E43C16}"
EndProject
Project("{FAE04EC0-301F-11D3-BF4B-00C04F79EFBC}") = "ImageCompressor.Storage", "ImageCompressor.Storage\ImageCompressor.Storage.csproj", "{4D077035-365E-4625-B97E-A471D934B2D3}"
EndProject
Project("{FAE04EC0-301F-11D3-BF4B-00C04F79EFBC}") = "ImageCompressor.Models", "ImageCompressor.Models\ImageCompressor.Models.csproj", "{F06B2884-32C3-41B8-AFDD-595F5390D2C4}"
EndProject
Project("{FAE04EC0-301F-11D3-BF4B-00C04F79EFBC}") = "ImageCompressor.Exceptions", "ImageCompressor.Exceptions\ImageCompressor.Exceptions.csproj", "{4D8C51AA-8F75-49EF-B03C-D361C6D7C2CC}"
EndProject
Project("{FAE04EC0-301F-11D3-BF4B-00C04F79EFBC}") = "ImageCompressor.Core", "ImageCompressor.Core\ImageCompressor.Core.csproj", "{6EE58ABA-D87F-47D0-AE02-CDEB5D17AE42}"
EndProject
Project("{FAE04EC0-301F-11D3-BF4B-00C04F79EFBC}") = "ImageCompressor.Tests", "ImageCompressor.Tests\ImageCompressor.Tests.csproj", "{60F84E74-5433-4FE7-B156-B29C0BB97C9E}"
EndProject
Global
	GlobalSection(SolutionConfigurationPlatforms) = preSolution
		Debug|Any CPU = Debug|Any CPU
		Debug|x64 = Debug|x64
		Debug|x86 = Debug|x86
		Release|Any CPU = Release|Any CPU
		Release|x64 = Release|x64
		Release|x86 = Release|x86
	EndGlobalSection
	GlobalSection(ProjectConfigurationPlatforms) = postSolution
		{92C39C9B-3AAA-462B-B7B3-42C42BCD80BE}.Debug|Any CPU.ActiveCfg = Debug|Any CPU
		{92C39C9B-3AAA-462B-B7B3-42C42BCD80BE}.Debug|Any CPU.Build.0 = Debug|Any CPU
		{92C39C9B-3AAA-462B-B7B3-42C42BCD80BE}.Debug|x64.ActiveCfg = Debug|Any CPU
		{92C39C9B-3AAA-462B-B7B3-42C42BCD80BE}.Debug|x64.Build.0 = Debug|Any CPU
		{92C39C9B-3AAA-462B-B7B3-42C42BCD80BE}.Debug|x86.ActiveCfg = Debug|Any CPU
		{92C39C9B-3AAA-462B-B7B3-42C42BCD80BE}.Debug|x86.Build.0 = Debug|Any CPU
		{92C39C9B-3AAA-462B-B7B3-42C42BCD80BE}.Release|Any CPU.ActiveCfg = Release|Any CPU
		{92C39C9B-3AAA-462B-B7B3-42C42BCD80BE}.Release|Any CPU.Build.0 = Release|Any CPU
		{92C39C9B-3AAA-462B-B7B3-42C42BCD80BE}.Release|x64.ActiveCfg = Release|Any CPU
		{92C39C9B-3AAA-462B-B7B3-42C42BCD80BE}.Release|x64.Build.0 = Release|Any CPU
		{92C39C9B-3AAA-462B-B7B3-42C42BCD80BE}.Release|x86.ActiveCfg = Release|Any CPU
		{92C39C9B-3AAA-462B-B7B3-42C42BCD80BE}.Release|x86.Build.0 = Release|Any CPU
		{BAB5084E-A261-435F-8619-A5C6BE46C2DA}.Debug|Any CPU.ActiveCfg = Debug|Any CPU
		{BAB5084E-A261-435F-8619-A5C6BE46C2DA}.Debug|Any CPU.Build.0 = Debug|Any CPU
		{BAB5084E-A261-435F-8619-A5C6BE46C2DA}.Debug|x64.ActiveCfg = Debug|Any CPU
		{BAB5084E-A261-435F-8619-A5C6BE46C2DA}.Debug|x64.Build.0 = Debug|Any CPU
		{BAB5084E-A261-435F-8619-A5C6BE46C2DA}.Debug|x86.ActiveCfg = Debug|Any CPU
		{BAB5084E-A261-435F-8619-A5C6BE46C2DA}.Debug|x86.Build.0 = Debug|Any CPU
		{BAB5084E-A261-435F-8619-A5C6BE46C2DA}.Release|Any CPU.ActiveCfg = Release|Any CPU
		{BAB5084E-A261-435F-8619-A5C6BE46C2DA}.Release|Any CPU.Build.0 = Release|Any CPU
		{BAB5084E-A261-435F-8619-A5C6BE46C2DA}.Release|x64.ActiveCfg = Release|Any CPU
		{BAB5084E-A261-435F-8619-A5C6BE46C2DA}.Release|x64.Build.0 = Release|Any CPU
		{BAB5084E-A261-435F-8619-A5C6BE46C2DA}.Release|x86.ActiveCfg = Release|Any CPU
		{BAB5084E-A261-435F-8619-A5C6BE46C2DA}.Release|x86.Build.0 = Release|Any CPU
		{FB00F1CB-CD77-438A-9460-6DDED1E43C16}.Debug|Any CPU.ActiveCfg = Debug|Any CPU
		{FB00F1CB-CD77-438A-9460-6DDED1E43C16}.Debug|Any CPU.Build.0 = Debug|Any CPU
		{FB00F1CB-CD77-438A-9460-6DDED1E43C16}.Debug|x64.ActiveCfg = Debug|Any CPU
		{FB00F1CB-CD77-438A-9460-6DDED1E43C16}.Debug|x64.Build.0 = Debug|Any CPU
		{FB00F1CB-CD77-438A-9460-6DDED1E43C16}.Debug|x86.ActiveCfg = Debug|Any CPU
		{FB00F1CB-CD77-438A-9460-6DDED1E43C16}.Debug|x86.Build.0 = Debug|Any CPU
		{FB00F1CB-CD77-438A-9460-6DDED1E43C16}.Release|Any CPU.ActiveCfg = Release|Any CPU
		{FB00F1CB-CD77-438A-9460-6DDED1E43C16}.Release|Any CPU.Build.0 = Release|Any CPU
		{FB00F1CB-CD77-438A-9460-6DDED1E43C16}.Release|x64.ActiveCfg = Release|Any CPU
		{FB00F1CB-CD77-438A-9460-6DDED1E43C16}.Release|x64.Build.0 = Release|Any CPU
		{FB00F1CB-CD77-438A-9460-6DDED1E43C16}.Release|x86.ActiveCfg = Release|Any CPU
		{FB00F1CB-CD77-438A-9460-6DDED1E43C16}.Release|x86.Build.0 = Release|Any CPU
		{4D077035-365E-4625-B97E-A471D934B2D3}.Debug|Any CPU.ActiveCfg = Debug|Any CPU
		{4D077035-365E-4625-B97E-A471D934B2D3}.Debug|Any CPU.Build.0 = Debug|Any CPU
		{4D077035-365E-4625-B97E-A471D934B2D3}.Debug|x64.ActiveCfg = Debug|Any CPU
		{4D077035-365E-4625-B97E-A471D934B2D3}.Debug|x64.Build.0 = Debug|Any CPU
		{4D077035-365E-4625-B97E-A471D934B2D3}.Debug|x86.ActiveCfg = Debug|Any CPU
		{4D077035-365E-4625-B97E-A471D934B2D3}.Debug|x86.Build.0 = Debug|Any CPU
		{4D077035-365E-4625-B97E-A471D934B2D3}.Release|Any CPU.ActiveCfg = Release|Any CPU
		{4D077035-365E-4625-B97E-A471D934B2D3}.Release|Any CPU.Build.0 = Release|Any CPU
		{4D077035-365E-4625-B97E-A471D934B2D3}.Release|x64.ActiveCfg = Release|Any CPU
		{4D077035-365E-4625-B97E-A471D934B2D3}.Release|x64.Build.0 = Release|Any CPU
		{4D077035-365E-4625-B97E-A471D934B2D3}.Release|x86.ActiveCfg = Release|Any CPU
		{4D077035-365E-4625-B97E-A471D934B2D3}.Release|x86.Build.0 = Release|Any CPU
		{F06B2884-32C3-41B8-AFDD-595F5390D2C4}.Debug|Any CPU.ActiveCfg = Debug|Any CPU
		{F06B2884-32C3-41B8-AFDD-595F5390D2C4}.Debug|Any CPU.Build.0 = Debug|Any CPU
		{F06B2884-32C3-41B8-AFDD-595F5390D2C4}.Debug|x64.ActiveCfg = Debug|Any CPU
		{F06B2884-32C3-41B8-AFDD-595F5390D2C4}.Debug|x64.Build.0 = Debug|Any CPU
		{F06B2884-32C3-41B8-AFDD-595F5390D2C4}.Debug|x86.ActiveCfg = Debug|Any CPU
		{F06B2884-32C3-41B8-AFDD-595F5390D2C4}.Debug|x86.Build.0 = Debug|Any CPU
		{F06B2884-32C3-41B8-AFDD-595F5390D2C4}.Release|Any CPU.ActiveCfg = Release|Any CPU
		{F06B2884-32C3-41B8-AFDD-595F5390D2C4}.Release|Any CPU.Build.0 = Release|Any CPU
		{F06B2884-32C3-41B8-AFDD-595F5390D2C4}.Release|x64.ActiveCfg = Release|Any CPU
		{F06B2884-32C3-41B8-AFDD-595F5390D2C4}.Release|x64.Build.0 = Release|Any CPU
		{F06B2884-32C3-41B8-AFDD-595F5390D2C4}.Release|x86.ActiveCfg = Release|Any CPU
		{F06B2884-32C3-41B8-AFDD-595F5390D2C4}.Release|x86.Build.0 = Release|Any CPU
		{4D8C51AA-8F75-49EF-B03C-D361C6D7C2CC}.Debug|Any CPU.ActiveCfg = Debug|Any CPU
		{4D8C51AA-8F75-49EF-B03C-D361C6D7C2CC}.Debug|Any CPU.Build.0 = Debug|Any CPU
		{4D8C51AA-8F75-49EF-B03C-D361C6D7C2CC}.Debug|x64.ActiveCfg = Debug|Any CPU
		{4D8C51AA-8F75-49EF-B03C-D361C6D7C2CC}.Debug|x64.Build.0 = Debug|Any CPU
		{4D8C51AA-8F75-49EF-B03C-D361C6D7C2CC}.Debug|x86.ActiveCfg = Debug|Any CPU
		{4D8C51AA-8F75-49EF-B03C-D361C6D7C2CC}.Debug|x86.Build.0 = Debug|Any CPU
		{4D8C51AA-8F75-49EF-B03C-D361C6D7C2CC}.Release|Any CPU.ActiveCfg = Release|Any CPU
		{4D8C51AA-8F75-49EF-B03C-D361C6D7C2CC}.Release|Any CPU.Build.0 = Release|Any CPU
		{4D8C51AA-8F75-49EF-B03C-D361C6D7C2CC}.Release|x64.ActiveCfg = Release|Any CPU
		{4D8C51AA-8F75-49EF-B03C-D361C6D7C2CC}.Release|x64.Build.0 = Release|Any CPU
		{4D8C51AA-8F75-49EF-B03C-D361C6D7C2CC}.Release|x86.ActiveCfg = Release|Any CPU
		{4D8C51AA-8F75-49EF-B03C-D361C6D7C2CC}.Release|x86.Build.0 = Release|Any CPU
		{6EE58ABA-D87F-47D0-AE02-CDEB5D17AE42}.Debug|Any CPU.ActiveCfg = Debug|Any CPU
		{6EE58ABA-D87F-47D0-AE02-CDEB5D17AE42}.Debug|Any CPU.Build.0 = Debug|Any CPU
		{6EE58ABA-D87F-47D0-AE02-CDEB5D17AE42}.Debug|x64.ActiveCfg = Debug|Any CPU
		{6EE58ABA-D87F-47D0-AE02-CDEB5D17AE42}.Debug|x64.Build.0 = Debug|Any CPU
		{6EE58ABA-D87F-47D0-AE02-CDEB5D17AE42}.Debug|x86.ActiveCfg = Debug|Any CPU
		{6EE58ABA-D87F-47D0-AE02-CDEB5D17AE42}.Debug|x86.Build.0 = Debug|Any CPU
		{6EE58ABA-D87F-47D0-AE02-CDEB5D17AE42}.Release|Any CPU.ActiveCfg = Release|Any CPU
		{6EE58ABA-D87F-47D0-AE02-CDEB5D17AE42}.Release|Any CPU.Build.0 = Release|Any CPU
		{6EE58ABA-D87F-47D0-AE02-CDEB5D17AE42}.Release|x64.ActiveCfg = Release|Any CPU
		{6EE58ABA-D87F-47D0-AE02-CDEB5D17AE42}.Release|x64.Build.0 = Release|Any CPU
		{6EE58ABA-D87F-47D0-AE02-CDEB5D17AE42}.Release|x86.ActiveCfg = Release|Any CPU
		{6EE58ABA-D87F-47D0-AE02-CDEB5D17AE42}.Release|x86.Build.0 = Release|Any CPU
		{60F84E74-5433-4FE7-B156-B29C0BB97C9E}.Debug|Any CPU.ActiveCfg = Debug|Any CPU
		{60F84E74-5433-4FE7-B156-B29C0BB97C9E}.Debug|Any CPU.Build.0 = Debug|Any CPU
		{60F84E74-5433-4FE7-B156-B29C0BB97C9E}.Debug|x64.ActiveCfg = Debug|Any CPU
		{60F84E74-5433-4FE7-B156-B29C0BB97C9E}.Debug|x64.Build.0 = Debug|Any CPU
		{60F84E74-5433-4FE7-B156-B29C0BB97C9E}.Debug|x86.ActiveCfg = Debug|Any CPU
		{60F84E74-5433-4FE7-B156-B29C0BB97C9E}.Debug|x86.Build.0 = Debug|Any CPU
		{60F84E74-5433-4FE7-B156-B29C0BB97C9E}.Release|Any CPU.ActiveCfg = Release|Any CPU
		{60F84E74-5433-4FE7-B156-B29C0BB97C9E}.Release|Any CPU.Build.0 = Release|Any CPU
		{60F84E74-5433-4FE7-B156-B29C0BB97C9E}.Release|x64.ActiveCfg = Release|Any CPU
		{60F84E74-5433-4FE7-B156-B29C0BB97C9E}.Release|x64.Build.0 = Release|Any CPU
		{60F84E74-5433-4FE7-B156-B29C0BB97C9E}.Release|x86.ActiveCfg = Release|Any CPU
		{60F84E74-5433-4FE7-B156-B29C0BB97C9E}.Release|x86.Build.0 = Release|Any CPU
	EndGlobalSection
	GlobalSection(SolutionProperties) = preSolution
		HideSolutionNode = FALSE
	EndGlobalSection
	GlobalSection(NestedProjects) = preSolution
		{BAB5084E-A261-435F-8619-A5C6BE46C2DA} = {FD50CF9B-9E70-454F-9A5C-803C32BDE457}
		{FB00F1CB-CD77-438A-9460-6DDED1E43C16} = {FD50CF9B-9E70-454F-9A5C-803C32BDE457}
		{4D077035-365E-4625-B97E-A471D934B2D3} = {FD50CF9B-9E70-454F-9A5C-803C32BDE457}
		{F06B2884-32C3-41B8-AFDD-595F5390D2C4} = {FD50CF9B-9E70-454F-9A5C-803C32BDE457}
		{4D8C51AA-8F75-49EF-B03C-D361C6D7C2CC} = {FD50CF9B-9E70-454F-9A5C-803C32BDE457}
		{6EE58ABA-D87F-47D0-AE02-CDEB5D17AE42} = {FD50CF9B-9E70-454F-9A5C-803C32BDE457}
	EndGlobalSection
EndGlobal
